
Microsoft Visual Studio Solution File, Format Version 12.00
Project("{2150E333-8FDC-42A3-9474-1A3956D46DE8}") = "CatalogService", "CatalogService", "{A10C2353-54A8-4B40-BC94-FA5371E5F1CB}"
EndProject
Project("{2150E333-8FDC-42A3-9474-1A3956D46DE8}") = "OrderService", "OrderService", "{96177B44-7C14-4F7E-A40F-200A2975DC00}"
EndProject
Project("{FAE04EC0-301F-11D3-BF4B-00C04F79EFBC}") = "Catalog.Application", "CatalogService\Catalog.Application\Catalog.Application.csproj", "{6882F348-2D43-499D-9A0C-A2B55F25741B}"
EndProject
Project("{FAE04EC0-301F-11D3-BF4B-00C04F79EFBC}") = "Catalog.Domain", "CatalogService\Catalog.Domain\Catalog.Domain.csproj", "{B67E0F40-96C0-452C-804D-5256C6AB0CF7}"
EndProject
Project("{FAE04EC0-301F-11D3-BF4B-00C04F79EFBC}") = "Catalog.IntegrationsTests", "CatalogService\Catalog.IntegrationsTests\Catalog.IntegrationsTests.csproj", "{C03F448C-8A51-4DEF-BD7A-0EA38A868CA6}"
EndProject
Project("{FAE04EC0-301F-11D3-BF4B-00C04F79EFBC}") = "Catalog.Tests", "CatalogService\Catalog.Tests\Catalog.Tests.csproj", "{FE746138-5961-4216-866D-124C2FFA80D2}"
EndProject
Project("{FAE04EC0-301F-11D3-BF4B-00C04F79EFBC}") = "Catalog.Web", "CatalogService\Catalog.Web\Catalog.Web.csproj", "{68A7FBC1-718B-45C8-9AE7-C805332972E9}"
EndProject
Project("{FAE04EC0-301F-11D3-BF4B-00C04F79EFBC}") = "Catalog.Persistence", "CatalogService\Catalog.Persistence\Catalog.Persistence.csproj", "{D26CEC33-5861-4DEC-9821-20FB73948593}"
EndProject
Project("{FAE04EC0-301F-11D3-BF4B-00C04F79EFBC}") = "Order.Application", "OrderService\Order.Application\Order.Application.csproj", "{B8A071E7-D048-43F5-870F-F52D4E0BD294}"
EndProject
Project("{FAE04EC0-301F-11D3-BF4B-00C04F79EFBC}") = "Order.Domain", "OrderService\Order.Domain\Order.Domain.csproj", "{0B090733-0F8B-489A-AC44-CB26A390C9C6}"
EndProject
Project("{FAE04EC0-301F-11D3-BF4B-00C04F79EFBC}") = "Order.Persistence", "OrderService\Order.Persistence\Order.Persistence.csproj", "{F872A6FE-2E91-4D8F-BC48-E9947507333F}"
EndProject
Project("{FAE04EC0-301F-11D3-BF4B-00C04F79EFBC}") = "Order.Web", "OrderService\Order.Web\Order.Web.csproj", "{AB094CAF-FFBD-4BE8-8C0F-30F21772453E}"
EndProject
Global
	GlobalSection(SolutionConfigurationPlatforms) = preSolution
		Debug|Any CPU = Debug|Any CPU
		Release|Any CPU = Release|Any CPU
	EndGlobalSection
	GlobalSection(ProjectConfigurationPlatforms) = postSolution
		{6882F348-2D43-499D-9A0C-A2B55F25741B}.Debug|Any CPU.ActiveCfg = Debug|Any CPU
		{6882F348-2D43-499D-9A0C-A2B55F25741B}.Debug|Any CPU.Build.0 = Debug|Any CPU
		{6882F348-2D43-499D-9A0C-A2B55F25741B}.Release|Any CPU.ActiveCfg = Release|Any CPU
		{6882F348-2D43-499D-9A0C-A2B55F25741B}.Release|Any CPU.Build.0 = Release|Any CPU
		{B67E0F40-96C0-452C-804D-5256C6AB0CF7}.Debug|Any CPU.ActiveCfg = Debug|Any CPU
		{B67E0F40-96C0-452C-804D-5256C6AB0CF7}.Debug|Any CPU.Build.0 = Debug|Any CPU
		{B67E0F40-96C0-452C-804D-5256C6AB0CF7}.Release|Any CPU.ActiveCfg = Release|Any CPU
		{B67E0F40-96C0-452C-804D-5256C6AB0CF7}.Release|Any CPU.Build.0 = Release|Any CPU
		{C03F448C-8A51-4DEF-BD7A-0EA38A868CA6}.Debug|Any CPU.ActiveCfg = Debug|Any CPU
		{C03F448C-8A51-4DEF-BD7A-0EA38A868CA6}.Debug|Any CPU.Build.0 = Debug|Any CPU
		{C03F448C-8A51-4DEF-BD7A-0EA38A868CA6}.Release|Any CPU.ActiveCfg = Release|Any CPU
		{C03F448C-8A51-4DEF-BD7A-0EA38A868CA6}.Release|Any CPU.Build.0 = Release|Any CPU
		{FE746138-5961-4216-866D-124C2FFA80D2}.Debug|Any CPU.ActiveCfg = Debug|Any CPU
		{FE746138-5961-4216-866D-124C2FFA80D2}.Debug|Any CPU.Build.0 = Debug|Any CPU
		{FE746138-5961-4216-866D-124C2FFA80D2}.Release|Any CPU.ActiveCfg = Release|Any CPU
		{FE746138-5961-4216-866D-124C2FFA80D2}.Release|Any CPU.Build.0 = Release|Any CPU
		{68A7FBC1-718B-45C8-9AE7-C805332972E9}.Debug|Any CPU.ActiveCfg = Debug|Any CPU
		{68A7FBC1-718B-45C8-9AE7-C805332972E9}.Debug|Any CPU.Build.0 = Debug|Any CPU
		{68A7FBC1-718B-45C8-9AE7-C805332972E9}.Release|Any CPU.ActiveCfg = Release|Any CPU
		{68A7FBC1-718B-45C8-9AE7-C805332972E9}.Release|Any CPU.Build.0 = Release|Any CPU
		{D26CEC33-5861-4DEC-9821-20FB73948593}.Debug|Any CPU.ActiveCfg = Debug|Any CPU
		{D26CEC33-5861-4DEC-9821-20FB73948593}.Debug|Any CPU.Build.0 = Debug|Any CPU
		{D26CEC33-5861-4DEC-9821-20FB73948593}.Release|Any CPU.ActiveCfg = Release|Any CPU
		{D26CEC33-5861-4DEC-9821-20FB73948593}.Release|Any CPU.Build.0 = Release|Any CPU
		{B8A071E7-D048-43F5-870F-F52D4E0BD294}.Debug|Any CPU.ActiveCfg = Debug|Any CPU
		{B8A071E7-D048-43F5-870F-F52D4E0BD294}.Debug|Any CPU.Build.0 = Debug|Any CPU
		{B8A071E7-D048-43F5-870F-F52D4E0BD294}.Release|Any CPU.ActiveCfg = Release|Any CPU
		{B8A071E7-D048-43F5-870F-F52D4E0BD294}.Release|Any CPU.Build.0 = Release|Any CPU
		{0B090733-0F8B-489A-AC44-CB26A390C9C6}.Debug|Any CPU.ActiveCfg = Debug|Any CPU
		{0B090733-0F8B-489A-AC44-CB26A390C9C6}.Debug|Any CPU.Build.0 = Debug|Any CPU
		{0B090733-0F8B-489A-AC44-CB26A390C9C6}.Release|Any CPU.ActiveCfg = Release|Any CPU
		{0B090733-0F8B-489A-AC44-CB26A390C9C6}.Release|Any CPU.Build.0 = Release|Any CPU
		{F872A6FE-2E91-4D8F-BC48-E9947507333F}.Debug|Any CPU.ActiveCfg = Debug|Any CPU
		{F872A6FE-2E91-4D8F-BC48-E9947507333F}.Debug|Any CPU.Build.0 = Debug|Any CPU
		{F872A6FE-2E91-4D8F-BC48-E9947507333F}.Release|Any CPU.ActiveCfg = Release|Any CPU
		{F872A6FE-2E91-4D8F-BC48-E9947507333F}.Release|Any CPU.Build.0 = Release|Any CPU
		{AB094CAF-FFBD-4BE8-8C0F-30F21772453E}.Debug|Any CPU.ActiveCfg = Debug|Any CPU
		{AB094CAF-FFBD-4BE8-8C0F-30F21772453E}.Debug|Any CPU.Build.0 = Debug|Any CPU
		{AB094CAF-FFBD-4BE8-8C0F-30F21772453E}.Release|Any CPU.ActiveCfg = Release|Any CPU
		{AB094CAF-FFBD-4BE8-8C0F-30F21772453E}.Release|Any CPU.Build.0 = Release|Any CPU
	EndGlobalSection
	GlobalSection(NestedProjects) = preSolution
		{6882F348-2D43-499D-9A0C-A2B55F25741B} = {A10C2353-54A8-4B40-BC94-FA5371E5F1CB}
		{B67E0F40-96C0-452C-804D-5256C6AB0CF7} = {A10C2353-54A8-4B40-BC94-FA5371E5F1CB}
		{C03F448C-8A51-4DEF-BD7A-0EA38A868CA6} = {A10C2353-54A8-4B40-BC94-FA5371E5F1CB}
		{D26CEC33-5861-4DEC-9821-20FB73948593} = {A10C2353-54A8-4B40-BC94-FA5371E5F1CB}
		{FE746138-5961-4216-866D-124C2FFA80D2} = {A10C2353-54A8-4B40-BC94-FA5371E5F1CB}
		{68A7FBC1-718B-45C8-9AE7-C805332972E9} = {A10C2353-54A8-4B40-BC94-FA5371E5F1CB}
		{B8A071E7-D048-43F5-870F-F52D4E0BD294} = {96177B44-7C14-4F7E-A40F-200A2975DC00}
		{0B090733-0F8B-489A-AC44-CB26A390C9C6} = {96177B44-7C14-4F7E-A40F-200A2975DC00}
		{F872A6FE-2E91-4D8F-BC48-E9947507333F} = {96177B44-7C14-4F7E-A40F-200A2975DC00}
		{AB094CAF-FFBD-4BE8-8C0F-30F21772453E} = {96177B44-7C14-4F7E-A40F-200A2975DC00}
	EndGlobalSection
EndGlobal
