
Microsoft Visual Studio Solution File, Format Version 12.00
Project("{2150E333-8FDC-42A3-9474-1A3956D46DE8}") = "CatalogService", "CatalogService", "{A10C2353-54A8-4B40-BC94-FA5371E5F1CB}"
EndProject
Project("{2150E333-8FDC-42A3-9474-1A3956D46DE8}") = "OrderService", "OrderService", "{96177B44-7C14-4F7E-A40F-200A2975DC00}"
EndProject
Project("{FAE04EC0-301F-11D3-BF4B-00C04F79EFBC}") = "Catalog.Application", "CatalogService\Catalog.Application\Catalog.Application.csproj", "{6882F348-2D43-499D-9A0C-A2B55F25741B}"
EndProject
Project("{FAE04EC0-301F-11D3-BF4B-00C04F79EFBC}") = "Catalog.Domain", "CatalogService\Catalog.Domain\Catalog.Domain.csproj", "{B67E0F40-96C0-452C-804D-5256C6AB0CF7}"
EndProject
Project("{FAE04EC0-301F-11D3-BF4B-00C04F79EFBC}") = "Catalog.Web", "CatalogService\Catalog.Web\Catalog.Web.csproj", "{68A7FBC1-718B-45C8-9AE7-C805332972E9}"
EndProject
Project("{FAE04EC0-301F-11D3-BF4B-00C04F79EFBC}") = "Catalog.Persistence", "CatalogService\Catalog.Persistence\Catalog.Persistence.csproj", "{D26CEC33-5861-4DEC-9821-20FB73948593}"
EndProject
Project("{FAE04EC0-301F-11D3-BF4B-00C04F79EFBC}") = "Order.Application", "OrderService\Order.Application\Order.Application.csproj", "{B8A071E7-D048-43F5-870F-F52D4E0BD294}"
EndProject
Project("{FAE04EC0-301F-11D3-BF4B-00C04F79EFBC}") = "Order.Domain", "OrderService\Order.Domain\Order.Domain.csproj", "{0B090733-0F8B-489A-AC44-CB26A390C9C6}"
EndProject
Project("{FAE04EC0-301F-11D3-BF4B-00C04F79EFBC}") = "Order.Persistence", "OrderService\Order.Persistence\Order.Persistence.csproj", "{F872A6FE-2E91-4D8F-BC48-E9947507333F}"
EndProject
Project("{FAE04EC0-301F-11D3-BF4B-00C04F79EFBC}") = "Order.Web", "OrderService\Order.Web\Order.Web.csproj", "{AB094CAF-FFBD-4BE8-8C0F-30F21772453E}"
EndProject
Project("{FAE04EC0-301F-11D3-BF4B-00C04F79EFBC}") = "Order.Infrastructure", "OrderService\Order.Infrastructure\Order.Infrastructure.csproj", "{48948FA3-7843-4F32-AF8A-E6C5CF542BBC}"
EndProject
Project("{2150E333-8FDC-42A3-9474-1A3956D46DE8}") = "OrderProcessingService", "OrderProcessingService", "{CEDE8F8B-A263-420C-8A8D-E6E45B2A4EED}"
EndProject
Project("{FAE04EC0-301F-11D3-BF4B-00C04F79EFBC}") = "OrderProcessingService.Application", "OrderProcessingService\OrderProcessingService.Application\OrderProcessingService.Application.csproj", "{F6437569-E184-40A0-865C-CF22D4677233}"
EndProject
Project("{FAE04EC0-301F-11D3-BF4B-00C04F79EFBC}") = "OrderProcessingService.Domain", "OrderProcessingService\OrderProcessingService.Domain\OrderProcessingService.Domain.csproj", "{ACBB5594-D4EF-42A2-9C2B-BAC9713729EA}"
EndProject
Project("{FAE04EC0-301F-11D3-BF4B-00C04F79EFBC}") = "OrderProcessingService.Infrastructure", "OrderProcessingService\OrderProcessingService.Infrastructure\OrderProcessingService.Infrastructure.csproj", "{363C4853-722D-4710-833E-F89974DD0280}"
EndProject
Project("{FAE04EC0-301F-11D3-BF4B-00C04F79EFBC}") = "OrderProcessingService.Persistence", "OrderProcessingService\OrderProcessingService.Persistence\OrderProcessingService.Persistence.csproj", "{DF64E84A-5235-46CD-9C23-FFEA5789DE0D}"
EndProject
Project("{FAE04EC0-301F-11D3-BF4B-00C04F79EFBC}") = "OrderProcessingService.Web", "OrderProcessingService\OrderProcessingService.Web\OrderProcessingService.Web.csproj", "{1048B67B-9AC1-47A1-A2BD-E3EE5253822D}"
EndProject
Project("{FAE04EC0-301F-11D3-BF4B-00C04F79EFBC}") = "Messaging.Kafka", "OrderProcessingService\Messaging.Kafka\Messaging.Kafka.csproj", "{2562F5D8-A91E-44E3-B63D-513C5109BA4A}"
EndProject
Project("{2150E333-8FDC-42A3-9474-1A3956D46DE8}") = "Solution Items", "Solution Items", "{5F9F5D6C-E10B-40F7-AE0C-A78624810309}"
	ProjectSection(SolutionItems) = preProject
		docker-compose.yml = docker-compose.yml
		zrok.env = zrok.env
	EndProjectSection
EndProject
Project("{2150E333-8FDC-42A3-9474-1A3956D46DE8}") = "NotificationService", "NotificationService", "{5C380716-D73B-470D-A0D3-55C5CADC4BAF}"
EndProject
Project("{FAE04EC0-301F-11D3-BF4B-00C04F79EFBC}") = "Notification.Web", "NotificationService\Notification.Web\Notification.Web.csproj", "{7FEFEF2D-432F-4C11-A28F-2CD8A8B880A2}"
EndProject
Project("{FAE04EC0-301F-11D3-BF4B-00C04F79EFBC}") = "Messaging.Kafka", "NotificationService\Messaging.Kafka\Messaging.Kafka.csproj", "{9A334D95-00FE-411B-9EA3-FCFE38327581}"
EndProject
Project("{FAE04EC0-301F-11D3-BF4B-00C04F79EFBC}") = "Notification.Domain", "NotificationService\Notification.Domain\Notification.Domain.csproj", "{F665185A-456C-4BE6-8303-5FBFF8E68AA3}"
EndProject
Project("{FAE04EC0-301F-11D3-BF4B-00C04F79EFBC}") = "Notification.Application", "NotificationService\Notification.Application\Notification.Application.csproj", "{3EB15FB4-98EA-4675-A117-9A248BF6AADC}"
EndProject
Project("{FAE04EC0-301F-11D3-BF4B-00C04F79EFBC}") = "Notification.Persistence", "NotificationService\Notification.Persistence\Notification.Persistence.csproj", "{05C0810D-ED55-4103-A41F-FE13AEE21949}"
EndProject
Project("{FAE04EC0-301F-11D3-BF4B-00C04F79EFBC}") = "Notification.Infrastructure", "NotificationService\Notification.Infrastructure\Notification.Infrastructure.csproj", "{AEFD6914-B80F-4A65-911A-0B4D1C675A88}"
EndProject
Global
	GlobalSection(SolutionConfigurationPlatforms) = preSolution
		Debug|Any CPU = Debug|Any CPU
		Release|Any CPU = Release|Any CPU
	EndGlobalSection
	GlobalSection(ProjectConfigurationPlatforms) = postSolution
		{6882F348-2D43-499D-9A0C-A2B55F25741B}.Debug|Any CPU.ActiveCfg = Debug|Any CPU
		{6882F348-2D43-499D-9A0C-A2B55F25741B}.Debug|Any CPU.Build.0 = Debug|Any CPU
		{6882F348-2D43-499D-9A0C-A2B55F25741B}.Release|Any CPU.ActiveCfg = Release|Any CPU
		{6882F348-2D43-499D-9A0C-A2B55F25741B}.Release|Any CPU.Build.0 = Release|Any CPU
		{B67E0F40-96C0-452C-804D-5256C6AB0CF7}.Debug|Any CPU.ActiveCfg = Debug|Any CPU
		{B67E0F40-96C0-452C-804D-5256C6AB0CF7}.Debug|Any CPU.Build.0 = Debug|Any CPU
		{B67E0F40-96C0-452C-804D-5256C6AB0CF7}.Release|Any CPU.ActiveCfg = Release|Any CPU
		{B67E0F40-96C0-452C-804D-5256C6AB0CF7}.Release|Any CPU.Build.0 = Release|Any CPU
		{68A7FBC1-718B-45C8-9AE7-C805332972E9}.Debug|Any CPU.ActiveCfg = Debug|Any CPU
		{68A7FBC1-718B-45C8-9AE7-C805332972E9}.Debug|Any CPU.Build.0 = Debug|Any CPU
		{68A7FBC1-718B-45C8-9AE7-C805332972E9}.Release|Any CPU.ActiveCfg = Release|Any CPU
		{68A7FBC1-718B-45C8-9AE7-C805332972E9}.Release|Any CPU.Build.0 = Release|Any CPU
		{D26CEC33-5861-4DEC-9821-20FB73948593}.Debug|Any CPU.ActiveCfg = Debug|Any CPU
		{D26CEC33-5861-4DEC-9821-20FB73948593}.Debug|Any CPU.Build.0 = Debug|Any CPU
		{D26CEC33-5861-4DEC-9821-20FB73948593}.Release|Any CPU.ActiveCfg = Release|Any CPU
		{D26CEC33-5861-4DEC-9821-20FB73948593}.Release|Any CPU.Build.0 = Release|Any CPU
		{B8A071E7-D048-43F5-870F-F52D4E0BD294}.Debug|Any CPU.ActiveCfg = Debug|Any CPU
		{B8A071E7-D048-43F5-870F-F52D4E0BD294}.Debug|Any CPU.Build.0 = Debug|Any CPU
		{B8A071E7-D048-43F5-870F-F52D4E0BD294}.Release|Any CPU.ActiveCfg = Release|Any CPU
		{B8A071E7-D048-43F5-870F-F52D4E0BD294}.Release|Any CPU.Build.0 = Release|Any CPU
		{0B090733-0F8B-489A-AC44-CB26A390C9C6}.Debug|Any CPU.ActiveCfg = Debug|Any CPU
		{0B090733-0F8B-489A-AC44-CB26A390C9C6}.Debug|Any CPU.Build.0 = Debug|Any CPU
		{0B090733-0F8B-489A-AC44-CB26A390C9C6}.Release|Any CPU.ActiveCfg = Release|Any CPU
		{0B090733-0F8B-489A-AC44-CB26A390C9C6}.Release|Any CPU.Build.0 = Release|Any CPU
		{F872A6FE-2E91-4D8F-BC48-E9947507333F}.Debug|Any CPU.ActiveCfg = Debug|Any CPU
		{F872A6FE-2E91-4D8F-BC48-E9947507333F}.Debug|Any CPU.Build.0 = Debug|Any CPU
		{F872A6FE-2E91-4D8F-BC48-E9947507333F}.Release|Any CPU.ActiveCfg = Release|Any CPU
		{F872A6FE-2E91-4D8F-BC48-E9947507333F}.Release|Any CPU.Build.0 = Release|Any CPU
		{AB094CAF-FFBD-4BE8-8C0F-30F21772453E}.Debug|Any CPU.ActiveCfg = Debug|Any CPU
		{AB094CAF-FFBD-4BE8-8C0F-30F21772453E}.Debug|Any CPU.Build.0 = Debug|Any CPU
		{AB094CAF-FFBD-4BE8-8C0F-30F21772453E}.Release|Any CPU.ActiveCfg = Release|Any CPU
		{AB094CAF-FFBD-4BE8-8C0F-30F21772453E}.Release|Any CPU.Build.0 = Release|Any CPU
		{48948FA3-7843-4F32-AF8A-E6C5CF542BBC}.Debug|Any CPU.ActiveCfg = Debug|Any CPU
		{48948FA3-7843-4F32-AF8A-E6C5CF542BBC}.Debug|Any CPU.Build.0 = Debug|Any CPU
		{48948FA3-7843-4F32-AF8A-E6C5CF542BBC}.Release|Any CPU.ActiveCfg = Release|Any CPU
		{48948FA3-7843-4F32-AF8A-E6C5CF542BBC}.Release|Any CPU.Build.0 = Release|Any CPU
		{F6437569-E184-40A0-865C-CF22D4677233}.Debug|Any CPU.ActiveCfg = Debug|Any CPU
		{F6437569-E184-40A0-865C-CF22D4677233}.Debug|Any CPU.Build.0 = Debug|Any CPU
		{F6437569-E184-40A0-865C-CF22D4677233}.Release|Any CPU.ActiveCfg = Release|Any CPU
		{F6437569-E184-40A0-865C-CF22D4677233}.Release|Any CPU.Build.0 = Release|Any CPU
		{ACBB5594-D4EF-42A2-9C2B-BAC9713729EA}.Debug|Any CPU.ActiveCfg = Debug|Any CPU
		{ACBB5594-D4EF-42A2-9C2B-BAC9713729EA}.Debug|Any CPU.Build.0 = Debug|Any CPU
		{ACBB5594-D4EF-42A2-9C2B-BAC9713729EA}.Release|Any CPU.ActiveCfg = Release|Any CPU
		{ACBB5594-D4EF-42A2-9C2B-BAC9713729EA}.Release|Any CPU.Build.0 = Release|Any CPU
		{363C4853-722D-4710-833E-F89974DD0280}.Debug|Any CPU.ActiveCfg = Debug|Any CPU
		{363C4853-722D-4710-833E-F89974DD0280}.Debug|Any CPU.Build.0 = Debug|Any CPU
		{363C4853-722D-4710-833E-F89974DD0280}.Release|Any CPU.ActiveCfg = Release|Any CPU
		{363C4853-722D-4710-833E-F89974DD0280}.Release|Any CPU.Build.0 = Release|Any CPU
		{DF64E84A-5235-46CD-9C23-FFEA5789DE0D}.Debug|Any CPU.ActiveCfg = Debug|Any CPU
		{DF64E84A-5235-46CD-9C23-FFEA5789DE0D}.Debug|Any CPU.Build.0 = Debug|Any CPU
		{DF64E84A-5235-46CD-9C23-FFEA5789DE0D}.Release|Any CPU.ActiveCfg = Release|Any CPU
		{DF64E84A-5235-46CD-9C23-FFEA5789DE0D}.Release|Any CPU.Build.0 = Release|Any CPU
		{1048B67B-9AC1-47A1-A2BD-E3EE5253822D}.Debug|Any CPU.ActiveCfg = Debug|Any CPU
		{1048B67B-9AC1-47A1-A2BD-E3EE5253822D}.Debug|Any CPU.Build.0 = Debug|Any CPU
		{1048B67B-9AC1-47A1-A2BD-E3EE5253822D}.Release|Any CPU.ActiveCfg = Release|Any CPU
		{1048B67B-9AC1-47A1-A2BD-E3EE5253822D}.Release|Any CPU.Build.0 = Release|Any CPU
		{2562F5D8-A91E-44E3-B63D-513C5109BA4A}.Debug|Any CPU.ActiveCfg = Debug|Any CPU
		{2562F5D8-A91E-44E3-B63D-513C5109BA4A}.Debug|Any CPU.Build.0 = Debug|Any CPU
		{2562F5D8-A91E-44E3-B63D-513C5109BA4A}.Release|Any CPU.ActiveCfg = Release|Any CPU
		{2562F5D8-A91E-44E3-B63D-513C5109BA4A}.Release|Any CPU.Build.0 = Release|Any CPU
		{7FEFEF2D-432F-4C11-A28F-2CD8A8B880A2}.Debug|Any CPU.ActiveCfg = Debug|Any CPU
		{7FEFEF2D-432F-4C11-A28F-2CD8A8B880A2}.Debug|Any CPU.Build.0 = Debug|Any CPU
		{7FEFEF2D-432F-4C11-A28F-2CD8A8B880A2}.Release|Any CPU.ActiveCfg = Release|Any CPU
		{7FEFEF2D-432F-4C11-A28F-2CD8A8B880A2}.Release|Any CPU.Build.0 = Release|Any CPU
		{9A334D95-00FE-411B-9EA3-FCFE38327581}.Debug|Any CPU.ActiveCfg = Debug|Any CPU
		{9A334D95-00FE-411B-9EA3-FCFE38327581}.Debug|Any CPU.Build.0 = Debug|Any CPU
		{9A334D95-00FE-411B-9EA3-FCFE38327581}.Release|Any CPU.ActiveCfg = Release|Any CPU
		{9A334D95-00FE-411B-9EA3-FCFE38327581}.Release|Any CPU.Build.0 = Release|Any CPU
		{F665185A-456C-4BE6-8303-5FBFF8E68AA3}.Debug|Any CPU.ActiveCfg = Debug|Any CPU
		{F665185A-456C-4BE6-8303-5FBFF8E68AA3}.Debug|Any CPU.Build.0 = Debug|Any CPU
		{F665185A-456C-4BE6-8303-5FBFF8E68AA3}.Release|Any CPU.ActiveCfg = Release|Any CPU
		{F665185A-456C-4BE6-8303-5FBFF8E68AA3}.Release|Any CPU.Build.0 = Release|Any CPU
		{3EB15FB4-98EA-4675-A117-9A248BF6AADC}.Debug|Any CPU.ActiveCfg = Debug|Any CPU
		{3EB15FB4-98EA-4675-A117-9A248BF6AADC}.Debug|Any CPU.Build.0 = Debug|Any CPU
		{3EB15FB4-98EA-4675-A117-9A248BF6AADC}.Release|Any CPU.ActiveCfg = Release|Any CPU
		{3EB15FB4-98EA-4675-A117-9A248BF6AADC}.Release|Any CPU.Build.0 = Release|Any CPU
		{05C0810D-ED55-4103-A41F-FE13AEE21949}.Debug|Any CPU.ActiveCfg = Debug|Any CPU
		{05C0810D-ED55-4103-A41F-FE13AEE21949}.Debug|Any CPU.Build.0 = Debug|Any CPU
		{05C0810D-ED55-4103-A41F-FE13AEE21949}.Release|Any CPU.ActiveCfg = Release|Any CPU
		{05C0810D-ED55-4103-A41F-FE13AEE21949}.Release|Any CPU.Build.0 = Release|Any CPU
		{AEFD6914-B80F-4A65-911A-0B4D1C675A88}.Debug|Any CPU.ActiveCfg = Debug|Any CPU
		{AEFD6914-B80F-4A65-911A-0B4D1C675A88}.Debug|Any CPU.Build.0 = Debug|Any CPU
		{AEFD6914-B80F-4A65-911A-0B4D1C675A88}.Release|Any CPU.ActiveCfg = Release|Any CPU
		{AEFD6914-B80F-4A65-911A-0B4D1C675A88}.Release|Any CPU.Build.0 = Release|Any CPU
	EndGlobalSection
	GlobalSection(NestedProjects) = preSolution
		{6882F348-2D43-499D-9A0C-A2B55F25741B} = {A10C2353-54A8-4B40-BC94-FA5371E5F1CB}
		{B67E0F40-96C0-452C-804D-5256C6AB0CF7} = {A10C2353-54A8-4B40-BC94-FA5371E5F1CB}
		{D26CEC33-5861-4DEC-9821-20FB73948593} = {A10C2353-54A8-4B40-BC94-FA5371E5F1CB}
		{68A7FBC1-718B-45C8-9AE7-C805332972E9} = {A10C2353-54A8-4B40-BC94-FA5371E5F1CB}
		{B8A071E7-D048-43F5-870F-F52D4E0BD294} = {96177B44-7C14-4F7E-A40F-200A2975DC00}
		{0B090733-0F8B-489A-AC44-CB26A390C9C6} = {96177B44-7C14-4F7E-A40F-200A2975DC00}
		{F872A6FE-2E91-4D8F-BC48-E9947507333F} = {96177B44-7C14-4F7E-A40F-200A2975DC00}
		{AB094CAF-FFBD-4BE8-8C0F-30F21772453E} = {96177B44-7C14-4F7E-A40F-200A2975DC00}
		{48948FA3-7843-4F32-AF8A-E6C5CF542BBC} = {96177B44-7C14-4F7E-A40F-200A2975DC00}
		{F6437569-E184-40A0-865C-CF22D4677233} = {CEDE8F8B-A263-420C-8A8D-E6E45B2A4EED}
		{ACBB5594-D4EF-42A2-9C2B-BAC9713729EA} = {CEDE8F8B-A263-420C-8A8D-E6E45B2A4EED}
		{363C4853-722D-4710-833E-F89974DD0280} = {CEDE8F8B-A263-420C-8A8D-E6E45B2A4EED}
		{DF64E84A-5235-46CD-9C23-FFEA5789DE0D} = {CEDE8F8B-A263-420C-8A8D-E6E45B2A4EED}
		{1048B67B-9AC1-47A1-A2BD-E3EE5253822D} = {CEDE8F8B-A263-420C-8A8D-E6E45B2A4EED}
		{2562F5D8-A91E-44E3-B63D-513C5109BA4A} = {CEDE8F8B-A263-420C-8A8D-E6E45B2A4EED}
		{7FEFEF2D-432F-4C11-A28F-2CD8A8B880A2} = {5C380716-D73B-470D-A0D3-55C5CADC4BAF}
		{9A334D95-00FE-411B-9EA3-FCFE38327581} = {5C380716-D73B-470D-A0D3-55C5CADC4BAF}
		{F665185A-456C-4BE6-8303-5FBFF8E68AA3} = {5C380716-D73B-470D-A0D3-55C5CADC4BAF}
		{3EB15FB4-98EA-4675-A117-9A248BF6AADC} = {5C380716-D73B-470D-A0D3-55C5CADC4BAF}
		{05C0810D-ED55-4103-A41F-FE13AEE21949} = {5C380716-D73B-470D-A0D3-55C5CADC4BAF}
		{AEFD6914-B80F-4A65-911A-0B4D1C675A88} = {5C380716-D73B-470D-A0D3-55C5CADC4BAF}
	EndGlobalSection
EndGlobal
